{
  "lockFileVersion": 11,
  "registryFileHashes": {
    "https://bcr.bazel.build/bazel_registry.json": "8a28e4aff06ee60aed2a8c281907fb8bcbf3b753c91fb5a5c57da3215d5b3497",
    "https://bcr.bazel.build/modules/abseil-cpp/20210324.2/MODULE.bazel": "7cd0312e064fde87c8d1cd79ba06c876bd23630c83466e9500321be55c96ace2",
    "https://bcr.bazel.build/modules/abseil-cpp/20211102.0/MODULE.bazel": "70390338f7a5106231d20620712f7cccb659cd0e9d073d1991c038eb9fc57589",
    "https://bcr.bazel.build/modules/abseil-cpp/20230125.1/MODULE.bazel": "89047429cb0207707b2dface14ba7f8df85273d484c2572755be4bab7ce9c3a0",
    "https://bcr.bazel.build/modules/abseil-cpp/20230802.0.bcr.1/MODULE.bazel": "1c8cec495288dccd14fdae6e3f95f772c1c91857047a098fad772034264cc8cb",
    "https://bcr.bazel.build/modules/abseil-cpp/20230802.0/MODULE.bazel": "d253ae36a8bd9ee3c5955384096ccb6baf16a1b1e93e858370da0a3b94f77c16",
    "https://bcr.bazel.build/modules/abseil-cpp/20240116.2/MODULE.bazel": "73939767a4686cd9a520d16af5ab440071ed75cec1a876bf2fcfaf1f71987a16",
    "https://bcr.bazel.build/modules/abseil-cpp/20240116.2/source.json": "750d5e29326fb59cbe61116a7b803c8a1d0a7090a9c8ed89888d188e3c473fc7",
    "https://bcr.bazel.build/modules/apple_support/1.15.1/MODULE.bazel": "a0556fefca0b1bb2de8567b8827518f94db6a6e7e7d632b4c48dc5f865bc7c85",
    "https://bcr.bazel.build/modules/apple_support/1.15.1/source.json": "517f2b77430084c541bc9be2db63fdcbb7102938c5f64c17ee60ffda2e5cf07b",
    "https://bcr.bazel.build/modules/apple_support/1.5.0/MODULE.bazel": "50341a62efbc483e8a2a6aec30994a58749bd7b885e18dd96aa8c33031e558ef",
    "https://bcr.bazel.build/modules/bazel_features/1.1.1/MODULE.bazel": "27b8c79ef57efe08efccbd9dd6ef70d61b4798320b8d3c134fd571f78963dbcd",
    "https://bcr.bazel.build/modules/bazel_features/1.11.0/MODULE.bazel": "f9382337dd5a474c3b7d334c2f83e50b6eaedc284253334cf823044a26de03e8",
    "https://bcr.bazel.build/modules/bazel_features/1.11.0/source.json": "c9320aa53cd1c441d24bd6b716da087ad7e4ff0d9742a9884587596edfe53015",
    "https://bcr.bazel.build/modules/bazel_features/1.9.1/MODULE.bazel": "8f679097876a9b609ad1f60249c49d68bfab783dd9be012faf9d82547b14815a",
    "https://bcr.bazel.build/modules/bazel_skylib/1.0.3/MODULE.bazel": "bcb0fd896384802d1ad283b4e4eb4d718eebd8cb820b0a2c3a347fb971afd9d8",
    "https://bcr.bazel.build/modules/bazel_skylib/1.1.1/MODULE.bazel": "1add3e7d93ff2e6998f9e118022c84d163917d912f5afafb3058e3d2f1545b5e",
    "https://bcr.bazel.build/modules/bazel_skylib/1.2.0/MODULE.bazel": "44fe84260e454ed94ad326352a698422dbe372b21a1ac9f3eab76eb531223686",
    "https://bcr.bazel.build/modules/bazel_skylib/1.2.1/MODULE.bazel": "f35baf9da0efe45fa3da1696ae906eea3d615ad41e2e3def4aeb4e8bc0ef9a7a",
    "https://bcr.bazel.build/modules/bazel_skylib/1.3.0/MODULE.bazel": "20228b92868bf5cfc41bda7afc8a8ba2a543201851de39d990ec957b513579c5",
    "https://bcr.bazel.build/modules/bazel_skylib/1.4.1/MODULE.bazel": "a0dcb779424be33100dcae821e9e27e4f2901d9dfd5333efe5ac6a8d7ab75e1d",
    "https://bcr.bazel.build/modules/bazel_skylib/1.4.2/MODULE.bazel": "3bd40978e7a1fac911d5989e6b09d8f64921865a45822d8b09e815eaa726a651",
    "https://bcr.bazel.build/modules/bazel_skylib/1.5.0/MODULE.bazel": "32880f5e2945ce6a03d1fbd588e9198c0a959bb42297b2cfaf1685b7bc32e138",
    "https://bcr.bazel.build/modules/bazel_skylib/1.6.1/MODULE.bazel": "8fdee2dbaace6c252131c00e1de4b165dc65af02ea278476187765e1a617b917",
    "https://bcr.bazel.build/modules/bazel_skylib/1.7.1/MODULE.bazel": "3120d80c5861aa616222ec015332e5f8d3171e062e3e804a2a0253e1be26e59b",
    "https://bcr.bazel.build/modules/bazel_skylib/1.7.1/source.json": "f121b43eeefc7c29efbd51b83d08631e2347297c95aac9764a701f2a6a2bb953",
    "https://bcr.bazel.build/modules/boringssl/0.0.0-20240530-2db0eb3/MODULE.bazel": "d0405b762c5e87cd445b7015f2b8da5400ef9a8dbca0bfefa6c1cea79d528a97",
    "https://bcr.bazel.build/modules/boringssl/0.0.0-20240530-2db0eb3/source.json": "0d413869349e82e5d679802abe9ce23e0326bbf56daa97ae9e7dbdcec72982fc",
    "https://bcr.bazel.build/modules/buildozer/7.1.2/MODULE.bazel": "2e8dd40ede9c454042645fd8d8d0cd1527966aa5c919de86661e62953cd73d84",
    "https://bcr.bazel.build/modules/buildozer/7.1.2/source.json": "c9028a501d2db85793a6996205c8de120944f50a0d570438fcae0457a5f9d1f8",
    "https://bcr.bazel.build/modules/bzip2/1.0.8/MODULE.bazel": "83ee443b286b0b91566e5ee77e74ba6445895f3135467893871560f9e4ebc159",
    "https://bcr.bazel.build/modules/bzip2/1.0.8/source.json": "b64f3a2f973749cf5f6ee32b3d804af56a35a746228a7845ed5daa31c8cc8af1",
    "https://bcr.bazel.build/modules/gflags/2.2.2/MODULE.bazel": "ba6502c3fee189734f359454db8a49b7c08afd7271b32e7c6fc38c2d2e1edbeb",
    "https://bcr.bazel.build/modules/gflags/2.2.2/source.json": "b06d93702e18b5d75a69d53464c37ef5c2a9b4e237a8d4f2bf0217b3b0af2bee",
    "https://bcr.bazel.build/modules/glog/0.5.0/MODULE.bazel": "f5e4f5ae1c0642c84a06a68c5428a576b28bac2cd1dfa3faf5b6d683c69007a4",
    "https://bcr.bazel.build/modules/glog/0.5.0/source.json": "241565699f6a5428189e090297f6f9742259e791908cbace6e9f0eeb8104bd9e",
    "https://bcr.bazel.build/modules/google_benchmark/1.8.2/MODULE.bazel": "a70cf1bba851000ba93b58ae2f6d76490a9feb74192e57ab8e8ff13c34ec50cb",
    "https://bcr.bazel.build/modules/googletest/1.11.0/MODULE.bazel": "3a83f095183f66345ca86aa13c58b59f9f94a2f81999c093d4eeaa2d262d12f4",
    "https://bcr.bazel.build/modules/googletest/1.14.0.bcr.1/MODULE.bazel": "22c31a561553727960057361aa33bf20fb2e98584bc4fec007906e27053f80c6",
    "https://bcr.bazel.build/modules/googletest/1.14.0/MODULE.bazel": "cfbcbf3e6eac06ef9d85900f64424708cc08687d1b527f0ef65aa7517af8118f",
    "https://bcr.bazel.build/modules/googletest/1.15.2/MODULE.bazel": "6de1edc1d26cafb0ea1a6ab3f4d4192d91a312fd2d360b63adaa213cd00b2108",
    "https://bcr.bazel.build/modules/googletest/1.15.2/source.json": "dbdda654dcb3a0d7a8bc5d0ac5fc7e150b58c2a986025ae5bc634bb2cb61f470",
    "https://bcr.bazel.build/modules/libpfm/4.11.0/MODULE.bazel": "45061ff025b301940f1e30d2c16bea596c25b176c8b6b3087e92615adbd52902",
    "https://bcr.bazel.build/modules/libuuid/2.39.3.bcr.1/MODULE.bazel": "e6378b30bbf9517f4f3d430e5c33dfc66570bdae34541b43b35655ed6f72713c",
    "https://bcr.bazel.build/modules/libuuid/2.39.3.bcr.1/source.json": "07f9b555a5e4d5e3443bc85e01d43e6644ef88183b2473c606fa26aeb132b982",
    "https://bcr.bazel.build/modules/nlohmann_json/3.11.3/MODULE.bazel": "87023db2f55fc3a9949c7b08dc711fae4d4be339a80a99d04453c4bb3998eefc",
    "https://bcr.bazel.build/modules/nlohmann_json/3.11.3/source.json": "296c63a90c6813e53b3812d24245711981fc7e563d98fe15625f55181494488a",
    "https://bcr.bazel.build/modules/platforms/0.0.10/MODULE.bazel": "8cb8efaf200bdeb2150d93e162c40f388529a25852b332cec879373771e48ed5",
    "https://bcr.bazel.build/modules/platforms/0.0.10/source.json": "f22828ff4cf021a6b577f1bf6341cb9dcd7965092a439f64fc1bb3b7a5ae4bd5",
    "https://bcr.bazel.build/modules/platforms/0.0.4/MODULE.bazel": "9b328e31ee156f53f3c416a64f8491f7eb731742655a47c9eec4703a71644aee",
    "https://bcr.bazel.build/modules/platforms/0.0.5/MODULE.bazel": "5733b54ea419d5eaf7997054bb55f6a1d0b5ff8aedf0176fef9eea44f3acda37",
    "https://bcr.bazel.build/modules/platforms/0.0.6/MODULE.bazel": "ad6eeef431dc52aefd2d77ed20a4b353f8ebf0f4ecdd26a807d2da5aa8cd0615",
    "https://bcr.bazel.build/modules/platforms/0.0.7/MODULE.bazel": "72fd4a0ede9ee5c021f6a8dd92b503e089f46c227ba2813ff183b71616034814",
    "https://bcr.bazel.build/modules/platforms/0.0.8/MODULE.bazel": "9f142c03e348f6d263719f5074b21ef3adf0b139ee4c5133e2aa35664da9eb2d",
    "https://bcr.bazel.build/modules/platforms/0.0.9/MODULE.bazel": "4a87a60c927b56ddd67db50c89acaa62f4ce2a1d2149ccb63ffd871d5ce29ebc",
    "https://bcr.bazel.build/modules/protobuf/21.7/MODULE.bazel": "a5a29bb89544f9b97edce05642fac225a808b5b7be74038ea3640fae2f8e66a7",
    "https://bcr.bazel.build/modules/protobuf/23.1/MODULE.bazel": "88b393b3eb4101d18129e5db51847cd40a5517a53e81216144a8c32dfeeca52a",
    "https://bcr.bazel.build/modules/protobuf/24.4/MODULE.bazel": "7bc7ce5f2abf36b3b7b7c8218d3acdebb9426aeb35c2257c96445756f970eb12",
    "https://bcr.bazel.build/modules/protobuf/24.4/source.json": "ace4b8c65d4cfe64efe544f09fc5e5df77faf3a67fbb29c5341e0d755d9b15d6",
    "https://bcr.bazel.build/modules/protobuf/3.19.0/MODULE.bazel": "6b5fbb433f760a99a22b18b6850ed5784ef0e9928a72668b66e4d7ccd47db9b0",
    "https://bcr.bazel.build/modules/protobuf/3.19.6/MODULE.bazel": "9233edc5e1f2ee276a60de3eaa47ac4132302ef9643238f23128fea53ea12858",
    "https://bcr.bazel.build/modules/pybind11_bazel/2.11.1/MODULE.bazel": "88af1c246226d87e65be78ed49ecd1e6f5e98648558c14ce99176da041dc378e",
    "https://bcr.bazel.build/modules/pybind11_bazel/2.12.0/MODULE.bazel": "e6f4c20442eaa7c90d7190d8dc539d0ab422f95c65a57cc59562170c58ae3d34",
    "https://bcr.bazel.build/modules/pybind11_bazel/2.12.0/source.json": "6900fdc8a9e95866b8c0d4ad4aba4d4236317b5c1cd04c502df3f0d33afed680",
    "https://bcr.bazel.build/modules/re2/2023-09-01/MODULE.bazel": "cb3d511531b16cfc78a225a9e2136007a48cf8a677e4264baeab57fe78a80206",
    "https://bcr.bazel.build/modules/re2/2024-07-02/MODULE.bazel": "0eadc4395959969297cbcf31a249ff457f2f1d456228c67719480205aa306daa",
    "https://bcr.bazel.build/modules/re2/2024-07-02/source.json": "547d0111a9d4f362db32196fef805abbf3676e8d6afbe44d395d87816c1130ca",
    "https://bcr.bazel.build/modules/rules_cc/0.0.1/MODULE.bazel": "cb2aa0747f84c6c3a78dad4e2049c154f08ab9d166b1273835a8174940365647",
    "https://bcr.bazel.build/modules/rules_cc/0.0.2/MODULE.bazel": "6915987c90970493ab97393024c156ea8fb9f3bea953b2f3ec05c34f19b5695c",
    "https://bcr.bazel.build/modules/rules_cc/0.0.6/MODULE.bazel": "abf360251023dfe3efcef65ab9d56beefa8394d4176dd29529750e1c57eaa33f",
    "https://bcr.bazel.build/modules/rules_cc/0.0.8/MODULE.bazel": "964c85c82cfeb6f3855e6a07054fdb159aced38e99a5eecf7bce9d53990afa3e",
    "https://bcr.bazel.build/modules/rules_cc/0.0.9/MODULE.bazel": "836e76439f354b89afe6a911a7adf59a6b2518fafb174483ad78a2a2fde7b1c5",
    "https://bcr.bazel.build/modules/rules_cc/0.0.9/source.json": "1f1ba6fea244b616de4a554a0f4983c91a9301640c8fe0dd1d410254115c8430",
    "https://bcr.bazel.build/modules/rules_foreign_cc/0.9.0/MODULE.bazel": "c9e8c682bf75b0e7c704166d79b599f93b72cfca5ad7477df596947891feeef6",
    "https://bcr.bazel.build/modules/rules_java/4.0.0/MODULE.bazel": "5a78a7ae82cd1a33cef56dc578c7d2a46ed0dca12643ee45edbb8417899e6f74",
    "https://bcr.bazel.build/modules/rules_java/7.1.0/MODULE.bazel": "30d9135a2b6561c761bd67bd4990da591e6bdc128790ce3e7afd6a3558b2fb64",
    "https://bcr.bazel.build/modules/rules_java/7.6.5/MODULE.bazel": "481164be5e02e4cab6e77a36927683263be56b7e36fef918b458d7a8a1ebadb1",
    "https://bcr.bazel.build/modules/rules_java/7.6.5/source.json": "a805b889531d1690e3c72a7a7e47a870d00323186a9904b36af83aa3d053ee8d",
    "https://bcr.bazel.build/modules/rules_jvm_external/4.4.2/MODULE.bazel": "a56b85e418c83eb1839819f0b515c431010160383306d13ec21959ac412d2fe7",
    "https://bcr.bazel.build/modules/rules_jvm_external/5.1/MODULE.bazel": "33f6f999e03183f7d088c9be518a63467dfd0be94a11d0055fe2d210f89aa909",
    "https://bcr.bazel.build/modules/rules_jvm_external/5.1/source.json": "5abb45cc9beb27b77aec6a65a11855ef2b55d95dfdc358e9f312b78ae0ba32d5",
    "https://bcr.bazel.build/modules/rules_license/0.0.3/MODULE.bazel": "627e9ab0247f7d1e05736b59dbb1b6871373de5ad31c3011880b4133cafd4bd0",
    "https://bcr.bazel.build/modules/rules_license/0.0.7/MODULE.bazel": "088fbeb0b6a419005b89cf93fe62d9517c0a2b8bb56af3244af65ecfe37e7d5d",
    "https://bcr.bazel.build/modules/rules_license/0.0.7/source.json": "355cc5737a0f294e560d52b1b7a6492d4fff2caf0bef1a315df5a298fca2d34a",
    "https://bcr.bazel.build/modules/rules_pkg/0.7.0/MODULE.bazel": "df99f03fc7934a4737122518bb87e667e62d780b610910f0447665a7e2be62dc",
    "https://bcr.bazel.build/modules/rules_pkg/1.0.1/MODULE.bazel": "5b1df97dbc29623bccdf2b0dcd0f5cb08e2f2c9050aab1092fd39a41e82686ff",
    "https://bcr.bazel.build/modules/rules_pkg/1.0.1/source.json": "bd82e5d7b9ce2d31e380dd9f50c111d678c3bdaca190cb76b0e1c71b05e1ba8a",
    "https://bcr.bazel.build/modules/rules_proto/4.0.0/MODULE.bazel": "a7a7b6ce9bee418c1a760b3d84f83a299ad6952f9903c67f19e4edd964894e06",
    "https://bcr.bazel.build/modules/rules_proto/5.3.0-21.7/MODULE.bazel": "e8dff86b0971688790ae75528fe1813f71809b5afd57facb44dad9e8eca631b7",
    "https://bcr.bazel.build/modules/rules_proto/6.0.0-rc1/MODULE.bazel": "1e5b502e2e1a9e825eef74476a5a1ee524a92297085015a052510b09a1a09483",
    "https://bcr.bazel.build/modules/rules_proto/6.0.0-rc1/source.json": "8d8448e71706df7450ced227ca6b3812407ff5e2ccad74a43a9fbe79c84e34e0",
    "https://bcr.bazel.build/modules/rules_python/0.10.2/MODULE.bazel": "cc82bc96f2997baa545ab3ce73f196d040ffb8756fd2d66125a530031cd90e5f",
    "https://bcr.bazel.build/modules/rules_python/0.22.1/MODULE.bazel": "26114f0c0b5e93018c0c066d6673f1a2c3737c7e90af95eff30cfee38d0bbac7",
    "https://bcr.bazel.build/modules/rules_python/0.25.0/MODULE.bazel": "72f1506841c920a1afec76975b35312410eea3aa7b63267436bfb1dd91d2d382",
    "https://bcr.bazel.build/modules/rules_python/0.31.0/MODULE.bazel": "93a43dc47ee570e6ec9f5779b2e64c1476a6ce921c48cc9a1678a91dd5f8fd58",
    "https://bcr.bazel.build/modules/rules_python/0.33.2/MODULE.bazel": "3e036c4ad8d804a4dad897d333d8dce200d943df4827cb849840055be8d2e937",
    "https://bcr.bazel.build/modules/rules_python/0.34.0/MODULE.bazel": "1d623d026e075b78c9fde483a889cda7996f5da4f36dffb24c246ab30f06513a",
    "https://bcr.bazel.build/modules/rules_python/0.34.0/source.json": "113116e287eec64a7d005a9db44865d810499fdc4f621e352aff58214f5ea2d8",
    "https://bcr.bazel.build/modules/rules_python/0.4.0/MODULE.bazel": "9208ee05fd48bf09ac60ed269791cf17fb343db56c8226a720fbb1cdf467166c",
    "https://bcr.bazel.build/modules/stardoc/0.5.1/MODULE.bazel": "1a05d92974d0c122f5ccf09291442580317cdd859f07a8655f1db9a60374f9f8",
    "https://bcr.bazel.build/modules/stardoc/0.5.3/MODULE.bazel": "c7f6948dae6999bf0db32c1858ae345f112cacf98f174c7a8bb707e41b974f1c",
    "https://bcr.bazel.build/modules/stardoc/0.5.3/source.json": "cd53fe968dc8cd98197c052db3db6d82562960c87b61e7a90ee96f8e4e0dda97",
    "https://bcr.bazel.build/modules/tinyxml2/10.0.0/MODULE.bazel": "7c2c2fd7f9bd767e5c98eeb46385dba08c81be321d885ed077da9383e85aebc7",
    "https://bcr.bazel.build/modules/tinyxml2/10.0.0/source.json": "e6f10ec3ed2d93b165a6556ec0cca75f3f1f1b508494c618ed398d38919947a0",
    "https://bcr.bazel.build/modules/toolchains_llvm/1.0.0/MODULE.bazel": "410c05d8a21179f501e1d0dc6c325eac78c885d4f44c5438331392ba094bf819",
    "https://bcr.bazel.build/modules/toolchains_llvm/1.0.0/source.json": "85babe13e588c25e032d10984ef3ed33fae30554f97bc3cc48867833e52a21ec",
    "https://bcr.bazel.build/modules/upb/0.0.0-20220923-a547704/MODULE.bazel": "7298990c00040a0e2f121f6c32544bab27d4452f80d9ce51349b1a28f3005c43",
    "https://bcr.bazel.build/modules/upb/0.0.0-20230516-61a97ef/MODULE.bazel": "c0df5e35ad55e264160417fd0875932ee3c9dda63d9fccace35ac62f45e1b6f9",
    "https://bcr.bazel.build/modules/upb/0.0.0-20230516-61a97ef/source.json": "b2150404947339e8b947c6b16baa39fa75657f4ddec5e37272c7b11c7ab533bc",
    "https://bcr.bazel.build/modules/xz/5.4.5.bcr.4/MODULE.bazel": "2cbf58a2875e7f23ab77073902e009bfce25481fac231f950b89d57d441d5ef3",
    "https://bcr.bazel.build/modules/xz/5.4.5.bcr.4/source.json": "f497d68412aab85c8aa83b54c0eac229fdce67c95c98a7ad562d58504ecaf9e5",
    "https://bcr.bazel.build/modules/zlib/1.2.11/MODULE.bazel": "07b389abc85fdbca459b69e2ec656ae5622873af3f845e1c9d80fe179f3effa0",
    "https://bcr.bazel.build/modules/zlib/1.2.12/MODULE.bazel": "3b1a8834ada2a883674be8cbd36ede1b6ec481477ada359cd2d3ddc562340b27",
    "https://bcr.bazel.build/modules/zlib/1.3.1.bcr.3/MODULE.bazel": "af322bc08976524477c79d1e45e241b6efbeb918c497e8840b8ab116802dda79",
    "https://bcr.bazel.build/modules/zlib/1.3.1.bcr.3/source.json": "2be409ac3c7601245958cd4fcdff4288be79ed23bd690b4b951f500d54ee6e7d",
    "https://bcr.bazel.build/modules/zstd/1.5.6/MODULE.bazel": "471ebe7d3cdd8c6469390fcf623eb4779ff55fbee0a87f1dc57a1def468b96d4",
    "https://bcr.bazel.build/modules/zstd/1.5.6/source.json": "02010c3333fc89b44fe861db049968decb6e688411f7f9d4f6791d74f9adfb51"
  },
  "selectedYankedVersions": {},
  "moduleExtensions": {
    "@@apple_support~//crosstool:setup.bzl%apple_cc_configure_extension": {
      "general": {
        "bzlTransitiveDigest": "ltCGFbl/LQQZXn/LEMXfKX7pGwyqNiOCHcmiQW0tmjM=",
        "usagesDigest": "RkqDb8JtSSm4rLheCLMw/Dx3QQE7dZbl4taOVEYaQZg=",
        "recordedFileInputs": {},
        "recordedDirentsInputs": {},
        "envVariables": {},
        "generatedRepoSpecs": {
          "local_config_apple_cc": {
            "bzlFile": "@@apple_support~//crosstool:setup.bzl",
            "ruleClassName": "_apple_cc_autoconf",
            "attributes": {}
          },
          "local_config_apple_cc_toolchains": {
            "bzlFile": "@@apple_support~//crosstool:setup.bzl",
            "ruleClassName": "_apple_cc_autoconf_toolchains",
            "attributes": {}
          }
        },
        "recordedRepoMappingEntries": [
          [
            "apple_support~",
            "bazel_tools",
            "bazel_tools"
          ]
        ]
      }
    },
    "@@platforms//host:extension.bzl%host_platform": {
      "general": {
        "bzlTransitiveDigest": "xelQcPZH8+tmuOHVjL9vDxMnnQNMlwj0SlvgoqBkm4U=",
        "usagesDigest": "V1R2Y2oMxKNfx2WCWpSCaUV1WefW1o8HZGm3v1vHgY4=",
        "recordedFileInputs": {},
        "recordedDirentsInputs": {},
        "envVariables": {},
        "generatedRepoSpecs": {
          "host_platform": {
            "bzlFile": "@@platforms//host:extension.bzl",
            "ruleClassName": "host_platform_repo",
            "attributes": {}
          }
        },
        "recordedRepoMappingEntries": []
      }
    },
    "@@rules_boost~//:boost/repositories.bzl%non_module_dependencies": {
      "general": {
        "bzlTransitiveDigest": "P8pg+9aYiNv6iouyCFMXd0wcrhmheW4OtSh2fcXDKvQ=",
        "usagesDigest": "Tkpy9p8EvfRgmcJS+lAeRs4JyUOxqmepqH8O14Tb5Wc=",
        "recordedFileInputs": {},
        "recordedDirentsInputs": {},
        "envVariables": {},
        "generatedRepoSpecs": {
          "boost": {
            "bzlFile": "@@bazel_tools//tools/build_defs/repo:http.bzl",
            "ruleClassName": "http_archive",
            "attributes": {
              "build_file": "@@rules_boost~//:boost.BUILD",
              "patch_cmds": [
                "rm -f doc/pdf/BUILD"
              ],
              "patch_cmds_win": [
                "Remove-Item -Force doc/pdf/BUILD"
              ],
              "patches": [
                "@@rules_boost~//:zlib.patch"
              ],
              "patch_args": [
                "-p1"
              ],
              "url": "https://github.com/boostorg/boost/releases/download/boost-1.84.0/boost-1.84.0.tar.gz",
              "sha256": "4d27e9efed0f6f152dc28db6430b9d3dfb40c0345da7342eaa5a987dde57bd95",
              "strip_prefix": "boost-1.84.0"
            }
          }
        },
        "recordedRepoMappingEntries": [
          [
            "rules_boost~",
            "bazel_tools",
            "bazel_tools"
          ],
          [
            "rules_boost~",
            "com_github_nelhage_rules_boost",
            "rules_boost~"
          ]
        ]
      }
    },
    "@@toolchains_llvm~//toolchain/extensions:llvm.bzl%llvm": {
      "general": {
        "bzlTransitiveDigest": "1w0wdH2QnKapJmTbk88f5iQjNlw7vw4f4r1cNf1vWVI=",
        "usagesDigest": "zH33h3QjqC0droSGtGfzxbJE0Nl0+vyKoDW9nu4E6b0=",
        "recordedFileInputs": {},
        "recordedDirentsInputs": {},
        "envVariables": {},
        "generatedRepoSpecs": {
          "llvm_toolchain": {
            "bzlFile": "@@toolchains_llvm~//toolchain:rules.bzl",
            "ruleClassName": "toolchain",
            "attributes": {
              "absolute_paths": false,
              "archive_flags": {},
              "compile_flags": {},
              "coverage_compile_flags": {},
              "coverage_link_flags": {},
              "cxx_builtin_include_directories": {},
              "cxx_flags": {},
              "cxx_standard": {},
              "dbg_compile_flags": {},
              "exec_arch": "",
              "exec_os": "",
              "link_flags": {},
              "link_libs": {},
              "llvm_versions": {
                "": "16.0.0"
              },
              "opt_compile_flags": {},
              "opt_link_flags": {},
              "stdlib": {
                "": "stdc++"
              },
              "target_settings": {},
              "unfiltered_compile_flags": {},
              "toolchain_roots": {},
              "sysroot": {}
            }
          },
          "llvm_toolchain_llvm": {
            "bzlFile": "@@toolchains_llvm~//toolchain:rules.bzl",
            "ruleClassName": "llvm",
            "attributes": {
              "alternative_llvm_sources": [],
              "auth_patterns": {},
              "distribution": "auto",
              "exec_arch": "",
              "exec_os": "",
              "llvm_mirror": "",
              "llvm_version": "16.0.0",
              "llvm_versions": {},
              "netrc": "",
              "sha256": {},
              "strip_prefix": {},
              "urls": {}
            }
          }
        },
        "recordedRepoMappingEntries": [
          [
            "toolchains_llvm~",
            "bazel_tools",
            "bazel_tools"
          ],
          [
            "toolchains_llvm~",
            "toolchains_llvm",
            "toolchains_llvm~"
          ]
        ]
      }
    }
  }
}
